
Microsoft Visual Studio Solution File, Format Version 12.00
# Visual Studio 14
VisualStudioVersion = 14.0.25123.0
MinimumVisualStudioVersion = 10.0.40219.1
Project("{FAE04EC0-301F-11D3-BF4B-00C04F79EFBC}") = "MangaGods", "MangaGods\MangaGods.csproj", "{19C501AA-BFA9-495A-9E93-4D12A58136F7}"
EndProject
Project("{FAE04EC0-301F-11D3-BF4B-00C04F79EFBC}") = "MangaGods.Tests", "MangaGods.Tests\MangaGods.Tests.csproj", "{ABD4F974-05E4-48E7-9F32-1D946C50C011}"
EndProject
Global
	GlobalSection(SolutionConfigurationPlatforms) = preSolution
		Debug|Any CPU = Debug|Any CPU
		Release|Any CPU = Release|Any CPU
	EndGlobalSection
	GlobalSection(ProjectConfigurationPlatforms) = postSolution
		{19C501AA-BFA9-495A-9E93-4D12A58136F7}.Debug|Any CPU.ActiveCfg = Debug|Any CPU
		{19C501AA-BFA9-495A-9E93-4D12A58136F7}.Debug|Any CPU.Build.0 = Debug|Any CPU
		{19C501AA-BFA9-495A-9E93-4D12A58136F7}.Release|Any CPU.ActiveCfg = Release|Any CPU
		{19C501AA-BFA9-495A-9E93-4D12A58136F7}.Release|Any CPU.Build.0 = Release|Any CPU
		{ABD4F974-05E4-48E7-9F32-1D946C50C011}.Debug|Any CPU.ActiveCfg = Debug|Any CPU
		{ABD4F974-05E4-48E7-9F32-1D946C50C011}.Debug|Any CPU.Build.0 = Debug|Any CPU
		{ABD4F974-05E4-48E7-9F32-1D946C50C011}.Release|Any CPU.ActiveCfg = Release|Any CPU
		{ABD4F974-05E4-48E7-9F32-1D946C50C011}.Release|Any CPU.Build.0 = Release|Any CPU
	EndGlobalSection
	GlobalSection(SolutionProperties) = preSolution
		HideSolutionNode = FALSE
	EndGlobalSection
EndGlobal
